
Microsoft Visual Studio Solution File, Format Version 12.00
# Visual Studio 14
VisualStudioVersion = 14.0.25420.1
MinimumVisualStudioVersion = 10.0.40219.1
Project("{FAE04EC0-301F-11D3-BF4B-00C04F79EFBC}") = "SampleBaackEnd", "SampleBaackEnd\SampleBaackEnd.csproj", "{20EC2A59-9E96-4890-BD21-3921C1523984}"
EndProject
Project("{FAE04EC0-301F-11D3-BF4B-00C04F79EFBC}") = "BO", "BO\BO.csproj", "{5EFB58C4-A96E-4FD1-AA40-896232211B8F}"
EndProject
Project("{FAE04EC0-301F-11D3-BF4B-00C04F79EFBC}") = "DAL", "DAL\DAL.csproj", "{C7FDE285-F460-4E27-AD7F-DE3D35257D78}"
EndProject
Global
	GlobalSection(SolutionConfigurationPlatforms) = preSolution
		Debug|Any CPU = Debug|Any CPU
		Release|Any CPU = Release|Any CPU
	EndGlobalSection
	GlobalSection(ProjectConfigurationPlatforms) = postSolution
		{20EC2A59-9E96-4890-BD21-3921C1523984}.Debug|Any CPU.ActiveCfg = Debug|Any CPU
		{20EC2A59-9E96-4890-BD21-3921C1523984}.Debug|Any CPU.Build.0 = Debug|Any CPU
		{20EC2A59-9E96-4890-BD21-3921C1523984}.Release|Any CPU.ActiveCfg = Release|Any CPU
		{20EC2A59-9E96-4890-BD21-3921C1523984}.Release|Any CPU.Build.0 = Release|Any CPU
		{5EFB58C4-A96E-4FD1-AA40-896232211B8F}.Debug|Any CPU.ActiveCfg = Debug|Any CPU
		{5EFB58C4-A96E-4FD1-AA40-896232211B8F}.Debug|Any CPU.Build.0 = Debug|Any CPU
		{5EFB58C4-A96E-4FD1-AA40-896232211B8F}.Release|Any CPU.ActiveCfg = Release|Any CPU
		{5EFB58C4-A96E-4FD1-AA40-896232211B8F}.Release|Any CPU.Build.0 = Release|Any CPU
		{C7FDE285-F460-4E27-AD7F-DE3D35257D78}.Debug|Any CPU.ActiveCfg = Debug|Any CPU
		{C7FDE285-F460-4E27-AD7F-DE3D35257D78}.Debug|Any CPU.Build.0 = Debug|Any CPU
		{C7FDE285-F460-4E27-AD7F-DE3D35257D78}.Release|Any CPU.ActiveCfg = Release|Any CPU
		{C7FDE285-F460-4E27-AD7F-DE3D35257D78}.Release|Any CPU.Build.0 = Release|Any CPU
	EndGlobalSection
	GlobalSection(SolutionProperties) = preSolution
		HideSolutionNode = FALSE
	EndGlobalSection
EndGlobal
